// !$*UTF8*$!
{
	archiveVersion = 1;
	classes = {
	};
	objectVersion = 56;
	objects = {

/* Begin PBXBuildFile section */
		0029A98D6E2D7D08EA28F831 /* Pods_TodotifyTests.framework in Frameworks */ = {isa = PBXBuildFile; fileRef = 5DEDC53A02DBF8569A7827F3 /* Pods_TodotifyTests.framework */; };
		6C08B5816412F9A0C8DF62E1 /* Pods_Todotify.framework in Frameworks */ = {isa = PBXBuildFile; fileRef = 26DE2B6496E9E69FD41155FC /* Pods_Todotify.framework */; };
		842905A72C1FF34A00159210 /* TodotifyApp.swift in Sources */ = {isa = PBXBuildFile; fileRef = 842905A62C1FF34A00159210 /* TodotifyApp.swift */; };
		842905A92C1FF34A00159210 /* ContentView.swift in Sources */ = {isa = PBXBuildFile; fileRef = 842905A82C1FF34A00159210 /* ContentView.swift */; };
		842905AB2C1FF34B00159210 /* Assets.xcassets in Resources */ = {isa = PBXBuildFile; fileRef = 842905AA2C1FF34B00159210 /* Assets.xcassets */; };
		842905AE2C1FF34B00159210 /* Preview Assets.xcassets in Resources */ = {isa = PBXBuildFile; fileRef = 842905AD2C1FF34B00159210 /* Preview Assets.xcassets */; };
		842905B62C1FF4BC00159210 /* TodoItem.swift in Sources */ = {isa = PBXBuildFile; fileRef = 842905B52C1FF4BC00159210 /* TodoItem.swift */; };
		842905B82C1FF6D600159210 /* TodoItem+JSONable.swift in Sources */ = {isa = PBXBuildFile; fileRef = 842905B72C1FF6D600159210 /* TodoItem+JSONable.swift */; };
		842905BA2C21416400159210 /* Date+Extensions.swift in Sources */ = {isa = PBXBuildFile; fileRef = 842905B92C21416400159210 /* Date+Extensions.swift */; };
		842905D82C22A1C000159210 /* JSONable.swift in Sources */ = {isa = PBXBuildFile; fileRef = 842905D72C22A1BF00159210 /* JSONable.swift */; };
		842905DF2C22B92D00159210 /* TodoItem+CSVable.swift in Sources */ = {isa = PBXBuildFile; fileRef = 842905DE2C22B92D00159210 /* TodoItem+CSVable.swift */; };
		842905E42C23773A00159210 /* CSVable.swift in Sources */ = {isa = PBXBuildFile; fileRef = 842905E32C23773A00159210 /* CSVable.swift */; };
		842905EC2C253B4700159210 /* TodotifyTests.swift in Sources */ = {isa = PBXBuildFile; fileRef = 842905EB2C253B4700159210 /* TodotifyTests.swift */; };
		842905F32C25486000159210 /* Todotify+JSONAbleTests.swift in Sources */ = {isa = PBXBuildFile; fileRef = 842905F22C25486000159210 /* Todotify+JSONAbleTests.swift */; };
		842905F52C25536B00159210 /* DefaultValues.swift in Sources */ = {isa = PBXBuildFile; fileRef = 842905F42C25536B00159210 /* DefaultValues.swift */; };
		F55E931E2C3488980015AA98 /* CalendarViewController.swift in Sources */ = {isa = PBXBuildFile; fileRef = F55E93182C3488980015AA98 /* CalendarViewController.swift */; };
		F55E931F2C3488980015AA98 /* UIView+Extensions.swift in Sources */ = {isa = PBXBuildFile; fileRef = F55E93192C3488980015AA98 /* UIView+Extensions.swift */; };
		F55E93202C3488980015AA98 /* HorizontalCalendar.swift in Sources */ = {isa = PBXBuildFile; fileRef = F55E931A2C3488980015AA98 /* HorizontalCalendar.swift */; };
		F55E93212C3488980015AA98 /* TodoCell.swift in Sources */ = {isa = PBXBuildFile; fileRef = F55E931B2C3488980015AA98 /* TodoCell.swift */; };
		F55E93222C3488980015AA98 /* CalendarCell.swift in Sources */ = {isa = PBXBuildFile; fileRef = F55E931C2C3488980015AA98 /* CalendarCell.swift */; };
		F55E93242C3488C20015AA98 /* CalendarRepresentable.swift in Sources */ = {isa = PBXBuildFile; fileRef = F55E93232C3488C20015AA98 /* CalendarRepresentable.swift */; };
		F57BB2132C3E5F2A005B639D /* FileCacheUtils in Frameworks */ = {isa = PBXBuildFile; productRef = F57BB2122C3E5F2A005B639D /* FileCacheUtils */; };
		F57BB21A2C3FA35E005B639D /* URLSession+Eхtentions.swift in Sources */ = {isa = PBXBuildFile; fileRef = F57BB2192C3FA35E005B639D /* URLSession+Eхtentions.swift */; };
		F57BB2242C4233D5005B639D /* Todotify+URLSessionTests.swift in Sources */ = {isa = PBXBuildFile; fileRef = F57BB2232C4233D5005B639D /* Todotify+URLSessionTests.swift */; };
		F58F51202C24A55C0058B2E5 /* String+Extensions.swift in Sources */ = {isa = PBXBuildFile; fileRef = F58F511F2C24A55C0058B2E5 /* String+Extensions.swift */; };
		F58F51222C29447C0058B2E5 /* ImportancePicker.swift in Sources */ = {isa = PBXBuildFile; fileRef = F58F51212C29447C0058B2E5 /* ImportancePicker.swift */; };
		F58F51252C2949D50058B2E5 /* RowItem.swift in Sources */ = {isa = PBXBuildFile; fileRef = F58F51242C2949D50058B2E5 /* RowItem.swift */; };
		F58F51272C29C2A80058B2E5 /* TodoDetail.swift in Sources */ = {isa = PBXBuildFile; fileRef = F58F51262C29C2A80058B2E5 /* TodoDetail.swift */; };
		F58F512F2C29C5130058B2E5 /* TodoRow.swift in Sources */ = {isa = PBXBuildFile; fileRef = F58F51292C29C5130058B2E5 /* TodoRow.swift */; };
		F58F51602C29F6360058B2E5 /* TodoList.swift in Sources */ = {isa = PBXBuildFile; fileRef = F58F515F2C29F6360058B2E5 /* TodoList.swift */; };
		F59DED082C486ED100A7E7C3 /* TodoItemDTO.swift in Sources */ = {isa = PBXBuildFile; fileRef = F59DED072C486ED100A7E7C3 /* TodoItemDTO.swift */; };
		F59DED0A2C486FAB00A7E7C3 /* NetworkConstants.swift in Sources */ = {isa = PBXBuildFile; fileRef = F59DED092C486FAB00A7E7C3 /* NetworkConstants.swift */; };
		F59DED0C2C48709F00A7E7C3 /* URLRequest+Extension.swift in Sources */ = {isa = PBXBuildFile; fileRef = F59DED0B2C48709F00A7E7C3 /* URLRequest+Extension.swift */; };
		F59DED0E2C4870C200A7E7C3 /* DefaultNetworkingService.swift in Sources */ = {isa = PBXBuildFile; fileRef = F59DED0D2C4870C200A7E7C3 /* DefaultNetworkingService.swift */; };
		F59DED102C4870E000A7E7C3 /* NetworkService.swift in Sources */ = {isa = PBXBuildFile; fileRef = F59DED0F2C4870E000A7E7C3 /* NetworkService.swift */; };
		F59DED122C48D5B100A7E7C3 /* token.swift in Sources */ = {isa = PBXBuildFile; fileRef = F59DED112C48D5B100A7E7C3 /* token.swift */; };
		F5BEFE322C3C6DF30020E4F6 /* Logger.swift in Sources */ = {isa = PBXBuildFile; fileRef = F5BEFE312C3C6DF30020E4F6 /* Logger.swift */; };
		F5E2FFA62C2B2D3F00776DB5 /* DeadlinePicker.swift in Sources */ = {isa = PBXBuildFile; fileRef = F5E2FFA52C2B2D3F00776DB5 /* DeadlinePicker.swift */; };
		F5E2FFAA2C2BDD1600776DB5 /* TodoDetailViewModel.swift in Sources */ = {isa = PBXBuildFile; fileRef = F5E2FFA92C2BDD1600776DB5 /* TodoDetailViewModel.swift */; };
		F5E2FFAE2C2D2A7F00776DB5 /* DeviceUtils.swift in Sources */ = {isa = PBXBuildFile; fileRef = F5E2FFAD2C2D2A7F00776DB5 /* DeviceUtils.swift */; };
		F5E2FFB02C2D38A200776DB5 /* Binding+Extensions.swift in Sources */ = {isa = PBXBuildFile; fileRef = F5E2FFAF2C2D38A200776DB5 /* Binding+Extensions.swift */; };
		F5E2FFB82C2FA7A400776DB5 /* ColorPicker.swift in Sources */ = {isa = PBXBuildFile; fileRef = F5E2FFB72C2FA7A400776DB5 /* ColorPicker.swift */; };
		F5E2FFBC2C2FB51F00776DB5 /* Color+Extensions.swift in Sources */ = {isa = PBXBuildFile; fileRef = F5E2FFBB2C2FB51F00776DB5 /* Color+Extensions.swift */; };
		F5E515C42C365DDB0026FC07 /* CalendarViewModel.swift in Sources */ = {isa = PBXBuildFile; fileRef = F5E515C32C365DDB0026FC07 /* CalendarViewModel.swift */; };
		F5E515C62C365FB30026FC07 /* CalendarModel.swift in Sources */ = {isa = PBXBuildFile; fileRef = F5E515C52C365FB30026FC07 /* CalendarModel.swift */; };
		F5E515C82C3660230026FC07 /* Store.swift in Sources */ = {isa = PBXBuildFile; fileRef = F5E515C72C3660230026FC07 /* Store.swift */; };
		F5E515CC2C36B6110026FC07 /* UIColor+Extensions.swift in Sources */ = {isa = PBXBuildFile; fileRef = F5E515CB2C36B6110026FC07 /* UIColor+Extensions.swift */; };
		F5E515D32C3732FD0026FC07 /* TodoDetailModel.swift in Sources */ = {isa = PBXBuildFile; fileRef = F5E515D22C3732FD0026FC07 /* TodoDetailModel.swift */; };
		F5E515D52C37DA6B0026FC07 /* CategoryPicker.swift in Sources */ = {isa = PBXBuildFile; fileRef = F5E515D42C37DA6B0026FC07 /* CategoryPicker.swift */; };
		F5E515D72C37E1960026FC07 /* Category.swift in Sources */ = {isa = PBXBuildFile; fileRef = F5E515D62C37E1960026FC07 /* Category.swift */; };
		F5E515F22C38864B0026FC07 /* CategoryList.swift in Sources */ = {isa = PBXBuildFile; fileRef = F5E515F12C38864B0026FC07 /* CategoryList.swift */; };
		F5E515F42C3887800026FC07 /* CategoryRow.swift in Sources */ = {isa = PBXBuildFile; fileRef = F5E515F32C3887800026FC07 /* CategoryRow.swift */; };
		F5E515F72C3C49EF0026FC07 /* CocoaLumberjack in Frameworks */ = {isa = PBXBuildFile; productRef = F5E515F62C3C49EF0026FC07 /* CocoaLumberjack */; };
		F5E515F92C3C49EF0026FC07 /* CocoaLumberjackSwift in Frameworks */ = {isa = PBXBuildFile; productRef = F5E515F82C3C49EF0026FC07 /* CocoaLumberjackSwift */; };
		F5E515FB2C3C49EF0026FC07 /* CocoaLumberjackSwiftLogBackend in Frameworks */ = {isa = PBXBuildFile; productRef = F5E515FA2C3C49EF0026FC07 /* CocoaLumberjackSwiftLogBackend */; };
/* End PBXBuildFile section */

/* Begin PBXContainerItemProxy section */
		842905ED2C253B4700159210 /* PBXContainerItemProxy */ = {
			isa = PBXContainerItemProxy;
			containerPortal = 8429059B2C1FF34A00159210 /* Project object */;
			proxyType = 1;
			remoteGlobalIDString = 842905A22C1FF34A00159210;
			remoteInfo = Todotify;
		};
/* End PBXContainerItemProxy section */

/* Begin PBXFileReference section */
		0E74F97E4119921D20868FB9 /* Pods-TodotifyTests.debug.xcconfig */ = {isa = PBXFileReference; includeInIndex = 1; lastKnownFileType = text.xcconfig; name = "Pods-TodotifyTests.debug.xcconfig"; path = "Target Support Files/Pods-TodotifyTests/Pods-TodotifyTests.debug.xcconfig"; sourceTree = "<group>"; };
		10724FDE1A45C1D8254A9505 /* Pods-Todotify.release.xcconfig */ = {isa = PBXFileReference; includeInIndex = 1; lastKnownFileType = text.xcconfig; name = "Pods-Todotify.release.xcconfig"; path = "Target Support Files/Pods-Todotify/Pods-Todotify.release.xcconfig"; sourceTree = "<group>"; };
		26DE2B6496E9E69FD41155FC /* Pods_Todotify.framework */ = {isa = PBXFileReference; explicitFileType = wrapper.framework; includeInIndex = 0; path = Pods_Todotify.framework; sourceTree = BUILT_PRODUCTS_DIR; };
		2BC6CF6314719B8319F55576 /* Pods-TodotifyTests.release.xcconfig */ = {isa = PBXFileReference; includeInIndex = 1; lastKnownFileType = text.xcconfig; name = "Pods-TodotifyTests.release.xcconfig"; path = "Target Support Files/Pods-TodotifyTests/Pods-TodotifyTests.release.xcconfig"; sourceTree = "<group>"; };
		5DEDC53A02DBF8569A7827F3 /* Pods_TodotifyTests.framework */ = {isa = PBXFileReference; explicitFileType = wrapper.framework; includeInIndex = 0; path = Pods_TodotifyTests.framework; sourceTree = BUILT_PRODUCTS_DIR; };
		842905A32C1FF34A00159210 /* Todotify.app */ = {isa = PBXFileReference; explicitFileType = wrapper.application; includeInIndex = 0; path = Todotify.app; sourceTree = BUILT_PRODUCTS_DIR; };
		842905A62C1FF34A00159210 /* TodotifyApp.swift */ = {isa = PBXFileReference; lastKnownFileType = sourcecode.swift; path = TodotifyApp.swift; sourceTree = "<group>"; };
		842905A82C1FF34A00159210 /* ContentView.swift */ = {isa = PBXFileReference; lastKnownFileType = sourcecode.swift; path = ContentView.swift; sourceTree = "<group>"; };
		842905AA2C1FF34B00159210 /* Assets.xcassets */ = {isa = PBXFileReference; lastKnownFileType = folder.assetcatalog; path = Assets.xcassets; sourceTree = "<group>"; };
		842905AD2C1FF34B00159210 /* Preview Assets.xcassets */ = {isa = PBXFileReference; lastKnownFileType = folder.assetcatalog; path = "Preview Assets.xcassets"; sourceTree = "<group>"; };
		842905B52C1FF4BC00159210 /* TodoItem.swift */ = {isa = PBXFileReference; lastKnownFileType = sourcecode.swift; path = TodoItem.swift; sourceTree = "<group>"; };
		842905B72C1FF6D600159210 /* TodoItem+JSONable.swift */ = {isa = PBXFileReference; lastKnownFileType = sourcecode.swift; path = "TodoItem+JSONable.swift"; sourceTree = "<group>"; };
		842905B92C21416400159210 /* Date+Extensions.swift */ = {isa = PBXFileReference; lastKnownFileType = sourcecode.swift; path = "Date+Extensions.swift"; sourceTree = "<group>"; };
		842905D72C22A1BF00159210 /* JSONable.swift */ = {isa = PBXFileReference; lastKnownFileType = sourcecode.swift; path = JSONable.swift; sourceTree = "<group>"; };
		842905DE2C22B92D00159210 /* TodoItem+CSVable.swift */ = {isa = PBXFileReference; fileEncoding = 4; lastKnownFileType = sourcecode.swift; path = "TodoItem+CSVable.swift"; sourceTree = "<group>"; };
		842905E32C23773A00159210 /* CSVable.swift */ = {isa = PBXFileReference; fileEncoding = 4; lastKnownFileType = sourcecode.swift; path = CSVable.swift; sourceTree = "<group>"; };
		842905E92C253B4700159210 /* TodotifyTests.xctest */ = {isa = PBXFileReference; explicitFileType = wrapper.cfbundle; includeInIndex = 0; path = TodotifyTests.xctest; sourceTree = BUILT_PRODUCTS_DIR; };
		842905EB2C253B4700159210 /* TodotifyTests.swift */ = {isa = PBXFileReference; lastKnownFileType = sourcecode.swift; path = TodotifyTests.swift; sourceTree = "<group>"; };
		842905F22C25486000159210 /* Todotify+JSONAbleTests.swift */ = {isa = PBXFileReference; fileEncoding = 4; lastKnownFileType = sourcecode.swift; path = "Todotify+JSONAbleTests.swift"; sourceTree = "<group>"; };
		842905F42C25536B00159210 /* DefaultValues.swift */ = {isa = PBXFileReference; lastKnownFileType = sourcecode.swift; path = DefaultValues.swift; sourceTree = "<group>"; };
		8AA23DB9F0C9E94B503C33EE /* Pods-Todotify.debug.xcconfig */ = {isa = PBXFileReference; includeInIndex = 1; lastKnownFileType = text.xcconfig; name = "Pods-Todotify.debug.xcconfig"; path = "Target Support Files/Pods-Todotify/Pods-Todotify.debug.xcconfig"; sourceTree = "<group>"; };
		F55E93182C3488980015AA98 /* CalendarViewController.swift */ = {isa = PBXFileReference; fileEncoding = 4; lastKnownFileType = sourcecode.swift; path = CalendarViewController.swift; sourceTree = "<group>"; };
		F55E93192C3488980015AA98 /* UIView+Extensions.swift */ = {isa = PBXFileReference; fileEncoding = 4; lastKnownFileType = sourcecode.swift; path = "UIView+Extensions.swift"; sourceTree = "<group>"; };
		F55E931A2C3488980015AA98 /* HorizontalCalendar.swift */ = {isa = PBXFileReference; fileEncoding = 4; lastKnownFileType = sourcecode.swift; path = HorizontalCalendar.swift; sourceTree = "<group>"; };
		F55E931B2C3488980015AA98 /* TodoCell.swift */ = {isa = PBXFileReference; fileEncoding = 4; lastKnownFileType = sourcecode.swift; path = TodoCell.swift; sourceTree = "<group>"; };
		F55E931C2C3488980015AA98 /* CalendarCell.swift */ = {isa = PBXFileReference; fileEncoding = 4; lastKnownFileType = sourcecode.swift; path = CalendarCell.swift; sourceTree = "<group>"; };
		F55E93232C3488C20015AA98 /* CalendarRepresentable.swift */ = {isa = PBXFileReference; lastKnownFileType = sourcecode.swift; path = CalendarRepresentable.swift; sourceTree = "<group>"; };
		F57BB2192C3FA35E005B639D /* URLSession+Eхtentions.swift */ = {isa = PBXFileReference; lastKnownFileType = sourcecode.swift; path = "URLSession+Eхtentions.swift"; sourceTree = "<group>"; };
		F57BB2232C4233D5005B639D /* Todotify+URLSessionTests.swift */ = {isa = PBXFileReference; fileEncoding = 4; lastKnownFileType = sourcecode.swift; path = "Todotify+URLSessionTests.swift"; sourceTree = "<group>"; };
		F58F511F2C24A55C0058B2E5 /* String+Extensions.swift */ = {isa = PBXFileReference; lastKnownFileType = sourcecode.swift; path = "String+Extensions.swift"; sourceTree = "<group>"; };
		F58F51212C29447C0058B2E5 /* ImportancePicker.swift */ = {isa = PBXFileReference; lastKnownFileType = sourcecode.swift; path = ImportancePicker.swift; sourceTree = "<group>"; };
		F58F51242C2949D50058B2E5 /* RowItem.swift */ = {isa = PBXFileReference; fileEncoding = 4; lastKnownFileType = sourcecode.swift; path = RowItem.swift; sourceTree = "<group>"; };
		F58F51262C29C2A80058B2E5 /* TodoDetail.swift */ = {isa = PBXFileReference; fileEncoding = 4; lastKnownFileType = sourcecode.swift; path = TodoDetail.swift; sourceTree = "<group>"; };
		F58F51292C29C5130058B2E5 /* TodoRow.swift */ = {isa = PBXFileReference; fileEncoding = 4; lastKnownFileType = sourcecode.swift; path = TodoRow.swift; sourceTree = "<group>"; };
		F58F515F2C29F6360058B2E5 /* TodoList.swift */ = {isa = PBXFileReference; fileEncoding = 4; lastKnownFileType = sourcecode.swift; path = TodoList.swift; sourceTree = "<group>"; };
		F59DED072C486ED100A7E7C3 /* TodoItemDTO.swift */ = {isa = PBXFileReference; lastKnownFileType = sourcecode.swift; path = TodoItemDTO.swift; sourceTree = "<group>"; };
		F59DED092C486FAB00A7E7C3 /* NetworkConstants.swift */ = {isa = PBXFileReference; fileEncoding = 4; lastKnownFileType = sourcecode.swift; path = NetworkConstants.swift; sourceTree = "<group>"; };
		F59DED0B2C48709F00A7E7C3 /* URLRequest+Extension.swift */ = {isa = PBXFileReference; lastKnownFileType = sourcecode.swift; path = "URLRequest+Extension.swift"; sourceTree = "<group>"; };
		F59DED0D2C4870C200A7E7C3 /* DefaultNetworkingService.swift */ = {isa = PBXFileReference; lastKnownFileType = sourcecode.swift; path = DefaultNetworkingService.swift; sourceTree = "<group>"; };
		F59DED0F2C4870E000A7E7C3 /* NetworkService.swift */ = {isa = PBXFileReference; lastKnownFileType = sourcecode.swift; path = NetworkService.swift; sourceTree = "<group>"; };
		F59DED112C48D5B100A7E7C3 /* token.swift */ = {isa = PBXFileReference; lastKnownFileType = sourcecode.swift; path = token.swift; sourceTree = "<group>"; };
		F5BEFE312C3C6DF30020E4F6 /* Logger.swift */ = {isa = PBXFileReference; lastKnownFileType = sourcecode.swift; path = Logger.swift; sourceTree = "<group>"; };
		F5E2FFA52C2B2D3F00776DB5 /* DeadlinePicker.swift */ = {isa = PBXFileReference; fileEncoding = 4; lastKnownFileType = sourcecode.swift; path = DeadlinePicker.swift; sourceTree = "<group>"; };
		F5E2FFA92C2BDD1600776DB5 /* TodoDetailViewModel.swift */ = {isa = PBXFileReference; lastKnownFileType = sourcecode.swift; path = TodoDetailViewModel.swift; sourceTree = "<group>"; };
		F5E2FFAD2C2D2A7F00776DB5 /* DeviceUtils.swift */ = {isa = PBXFileReference; lastKnownFileType = sourcecode.swift; path = DeviceUtils.swift; sourceTree = "<group>"; };
		F5E2FFAF2C2D38A200776DB5 /* Binding+Extensions.swift */ = {isa = PBXFileReference; lastKnownFileType = sourcecode.swift; path = "Binding+Extensions.swift"; sourceTree = "<group>"; };
		F5E2FFB72C2FA7A400776DB5 /* ColorPicker.swift */ = {isa = PBXFileReference; lastKnownFileType = sourcecode.swift; path = ColorPicker.swift; sourceTree = "<group>"; };
		F5E2FFBB2C2FB51F00776DB5 /* Color+Extensions.swift */ = {isa = PBXFileReference; lastKnownFileType = sourcecode.swift; path = "Color+Extensions.swift"; sourceTree = "<group>"; };
		F5E515C32C365DDB0026FC07 /* CalendarViewModel.swift */ = {isa = PBXFileReference; lastKnownFileType = sourcecode.swift; path = CalendarViewModel.swift; sourceTree = "<group>"; };
		F5E515C52C365FB30026FC07 /* CalendarModel.swift */ = {isa = PBXFileReference; lastKnownFileType = sourcecode.swift; path = CalendarModel.swift; sourceTree = "<group>"; };
		F5E515C72C3660230026FC07 /* Store.swift */ = {isa = PBXFileReference; fileEncoding = 4; lastKnownFileType = sourcecode.swift; path = Store.swift; sourceTree = "<group>"; };
		F5E515CB2C36B6110026FC07 /* UIColor+Extensions.swift */ = {isa = PBXFileReference; lastKnownFileType = sourcecode.swift; path = "UIColor+Extensions.swift"; sourceTree = "<group>"; };
		F5E515D22C3732FD0026FC07 /* TodoDetailModel.swift */ = {isa = PBXFileReference; fileEncoding = 4; lastKnownFileType = sourcecode.swift; path = TodoDetailModel.swift; sourceTree = "<group>"; };
		F5E515D42C37DA6B0026FC07 /* CategoryPicker.swift */ = {isa = PBXFileReference; lastKnownFileType = sourcecode.swift; path = CategoryPicker.swift; sourceTree = "<group>"; };
		F5E515D62C37E1960026FC07 /* Category.swift */ = {isa = PBXFileReference; lastKnownFileType = sourcecode.swift; path = Category.swift; sourceTree = "<group>"; };
		F5E515F12C38864B0026FC07 /* CategoryList.swift */ = {isa = PBXFileReference; fileEncoding = 4; lastKnownFileType = sourcecode.swift; path = CategoryList.swift; sourceTree = "<group>"; };
		F5E515F32C3887800026FC07 /* CategoryRow.swift */ = {isa = PBXFileReference; fileEncoding = 4; lastKnownFileType = sourcecode.swift; path = CategoryRow.swift; sourceTree = "<group>"; };
/* End PBXFileReference section */

/* Begin PBXFrameworksBuildPhase section */
		842905A02C1FF34A00159210 /* Frameworks */ = {
			isa = PBXFrameworksBuildPhase;
			buildActionMask = 2147483647;
			files = (
				F5E515F92C3C49EF0026FC07 /* CocoaLumberjackSwift in Frameworks */,
				F5E515FB2C3C49EF0026FC07 /* CocoaLumberjackSwiftLogBackend in Frameworks */,
				F5E515F72C3C49EF0026FC07 /* CocoaLumberjack in Frameworks */,
				F57BB2132C3E5F2A005B639D /* FileCacheUtils in Frameworks */,
				6C08B5816412F9A0C8DF62E1 /* Pods_Todotify.framework in Frameworks */,
			);
			runOnlyForDeploymentPostprocessing = 0;
		};
		842905E62C253B4700159210 /* Frameworks */ = {
			isa = PBXFrameworksBuildPhase;
			buildActionMask = 2147483647;
			files = (
				0029A98D6E2D7D08EA28F831 /* Pods_TodotifyTests.framework in Frameworks */,
			);
			runOnlyForDeploymentPostprocessing = 0;
		};
/* End PBXFrameworksBuildPhase section */

/* Begin PBXGroup section */
		08AB176F0433AB50D11AAD05 /* Frameworks */ = {
			isa = PBXGroup;
			children = (
				26DE2B6496E9E69FD41155FC /* Pods_Todotify.framework */,
				5DEDC53A02DBF8569A7827F3 /* Pods_TodotifyTests.framework */,
			);
			name = Frameworks;
			sourceTree = "<group>";
		};
		756B73C1EFFCA1ABC88D7CAB /* Pods */ = {
			isa = PBXGroup;
			children = (
				8AA23DB9F0C9E94B503C33EE /* Pods-Todotify.debug.xcconfig */,
				10724FDE1A45C1D8254A9505 /* Pods-Todotify.release.xcconfig */,
				0E74F97E4119921D20868FB9 /* Pods-TodotifyTests.debug.xcconfig */,
				2BC6CF6314719B8319F55576 /* Pods-TodotifyTests.release.xcconfig */,
			);
			path = Pods;
			sourceTree = "<group>";
		};
		8429059A2C1FF34A00159210 = {
			isa = PBXGroup;
			children = (
				842905A52C1FF34A00159210 /* Todotify */,
				842905EA2C253B4700159210 /* TodotifyTests */,
				842905A42C1FF34A00159210 /* Products */,
				756B73C1EFFCA1ABC88D7CAB /* Pods */,
				08AB176F0433AB50D11AAD05 /* Frameworks */,
			);
			sourceTree = "<group>";
		};
		842905A42C1FF34A00159210 /* Products */ = {
			isa = PBXGroup;
			children = (
				842905A32C1FF34A00159210 /* Todotify.app */,
				842905E92C253B4700159210 /* TodotifyTests.xctest */,
			);
			name = Products;
			sourceTree = "<group>";
		};
		842905A52C1FF34A00159210 /* Todotify */ = {
			isa = PBXGroup;
			children = (
				F57BB2162C3FA098005B639D /* Network */,
				F57BB2142C3F9815005B639D /* Feature */,
				F58F51232C2949A20058B2E5 /* Components */,
				842905E22C22C1F000159210 /* Utils */,
				842905DD2C22B3E700159210 /* Extensions */,
				842905DC2C22B39300159210 /* Store */,
				842905DB2C22B33D00159210 /* Model */,
				842905A62C1FF34A00159210 /* TodotifyApp.swift */,
				842905A82C1FF34A00159210 /* ContentView.swift */,
				842905AA2C1FF34B00159210 /* Assets.xcassets */,
				842905AC2C1FF34B00159210 /* Preview Content */,
			);
			path = Todotify;
			sourceTree = "<group>";
		};
		842905AC2C1FF34B00159210 /* Preview Content */ = {
			isa = PBXGroup;
			children = (
				842905AD2C1FF34B00159210 /* Preview Assets.xcassets */,
			);
			path = "Preview Content";
			sourceTree = "<group>";
		};
		842905DB2C22B33D00159210 /* Model */ = {
			isa = PBXGroup;
			children = (
				842905D72C22A1BF00159210 /* JSONable.swift */,
				842905E32C23773A00159210 /* CSVable.swift */,
				842905B52C1FF4BC00159210 /* TodoItem.swift */,
				842905B72C1FF6D600159210 /* TodoItem+JSONable.swift */,
				842905DE2C22B92D00159210 /* TodoItem+CSVable.swift */,
			);
			path = Model;
			sourceTree = "<group>";
		};
		842905DC2C22B39300159210 /* Store */ = {
			isa = PBXGroup;
			children = (
				F5E515C72C3660230026FC07 /* Store.swift */,
			);
			path = Store;
			sourceTree = "<group>";
		};
		842905DD2C22B3E700159210 /* Extensions */ = {
			isa = PBXGroup;
			children = (
				F58F511F2C24A55C0058B2E5 /* String+Extensions.swift */,
				842905B92C21416400159210 /* Date+Extensions.swift */,
				F5E2FFAF2C2D38A200776DB5 /* Binding+Extensions.swift */,
				F5E2FFBB2C2FB51F00776DB5 /* Color+Extensions.swift */,
				F55E93192C3488980015AA98 /* UIView+Extensions.swift */,
				F5E515CB2C36B6110026FC07 /* UIColor+Extensions.swift */,
			);
			path = Extensions;
			sourceTree = "<group>";
		};
		842905E22C22C1F000159210 /* Utils */ = {
			isa = PBXGroup;
			children = (
				F5E2FFAD2C2D2A7F00776DB5 /* DeviceUtils.swift */,
				F5BEFE312C3C6DF30020E4F6 /* Logger.swift */,
			);
			path = Utils;
			sourceTree = "<group>";
		};
		842905EA2C253B4700159210 /* TodotifyTests */ = {
			isa = PBXGroup;
			children = (
				842905EB2C253B4700159210 /* TodotifyTests.swift */,
				842905F22C25486000159210 /* Todotify+JSONAbleTests.swift */,
				F57BB2232C4233D5005B639D /* Todotify+URLSessionTests.swift */,
				842905F42C25536B00159210 /* DefaultValues.swift */,
			);
			path = TodotifyTests;
			sourceTree = "<group>";
		};
		F57BB2142C3F9815005B639D /* Feature */ = {
			isa = PBXGroup;
			children = (
				F58F515C2C29E3510058B2E5 /* Details */,
				F5E515C12C365D830026FC07 /* Calendar */,
				F5E515C92C3663310026FC07 /* List */,
				F5E515D82C37EADD0026FC07 /* Category */,
			);
			path = Feature;
			sourceTree = "<group>";
		};
		F57BB2162C3FA098005B639D /* Network */ = {
			isa = PBXGroup;
			children = (
				F59DED092C486FAB00A7E7C3 /* NetworkConstants.swift */,
				F57BB2192C3FA35E005B639D /* URLSession+Eхtentions.swift */,
				F59DED072C486ED100A7E7C3 /* TodoItemDTO.swift */,
				F59DED0B2C48709F00A7E7C3 /* URLRequest+Extension.swift */,
				F59DED0D2C4870C200A7E7C3 /* DefaultNetworkingService.swift */,
				F59DED0F2C4870E000A7E7C3 /* NetworkService.swift */,
				F59DED112C48D5B100A7E7C3 /* token.swift */,
			);
			path = Network;
			sourceTree = "<group>";
		};
		F58F51232C2949A20058B2E5 /* Components */ = {
			isa = PBXGroup;
			children = (
				F58F51212C29447C0058B2E5 /* ImportancePicker.swift */,
				F5E2FFA52C2B2D3F00776DB5 /* DeadlinePicker.swift */,
				F58F51242C2949D50058B2E5 /* RowItem.swift */,
				F5E2FFB72C2FA7A400776DB5 /* ColorPicker.swift */,
				F5E515D42C37DA6B0026FC07 /* CategoryPicker.swift */,
			);
			path = Components;
			sourceTree = "<group>";
		};
		F58F515C2C29E3510058B2E5 /* Details */ = {
			isa = PBXGroup;
			children = (
				F58F51262C29C2A80058B2E5 /* TodoDetail.swift */,
				F5E515D22C3732FD0026FC07 /* TodoDetailModel.swift */,
				F5E2FFA92C2BDD1600776DB5 /* TodoDetailViewModel.swift */,
			);
			path = Details;
			sourceTree = "<group>";
		};
		F5E515C12C365D830026FC07 /* Calendar */ = {
			isa = PBXGroup;
			children = (
				F5E515D12C371AB10026FC07 /* Presentation */,
				F5E515C22C365D8F0026FC07 /* Components */,
				F55E931A2C3488980015AA98 /* HorizontalCalendar.swift */,
				F55E93232C3488C20015AA98 /* CalendarRepresentable.swift */,
			);
			path = Calendar;
			sourceTree = "<group>";
		};
		F5E515C22C365D8F0026FC07 /* Components */ = {
			isa = PBXGroup;
			children = (
				F55E931C2C3488980015AA98 /* CalendarCell.swift */,
				F55E931B2C3488980015AA98 /* TodoCell.swift */,
			);
			path = Components;
			sourceTree = "<group>";
		};
		F5E515C92C3663310026FC07 /* List */ = {
			isa = PBXGroup;
			children = (
				F5E515CA2C3663550026FC07 /* Components */,
				F58F515F2C29F6360058B2E5 /* TodoList.swift */,
			);
			path = List;
			sourceTree = "<group>";
		};
		F5E515CA2C3663550026FC07 /* Components */ = {
			isa = PBXGroup;
			children = (
				F58F51292C29C5130058B2E5 /* TodoRow.swift */,
				F5E515F32C3887800026FC07 /* CategoryRow.swift */,
			);
			path = Components;
			sourceTree = "<group>";
		};
		F5E515D12C371AB10026FC07 /* Presentation */ = {
			isa = PBXGroup;
			children = (
				F55E93182C3488980015AA98 /* CalendarViewController.swift */,
				F5E515C52C365FB30026FC07 /* CalendarModel.swift */,
				F5E515C32C365DDB0026FC07 /* CalendarViewModel.swift */,
			);
			path = Presentation;
			sourceTree = "<group>";
		};
		F5E515D82C37EADD0026FC07 /* Category */ = {
			isa = PBXGroup;
			children = (
				F5E515D62C37E1960026FC07 /* Category.swift */,
				F5E515F12C38864B0026FC07 /* CategoryList.swift */,
			);
			path = Category;
			sourceTree = "<group>";
		};
/* End PBXGroup section */

/* Begin PBXNativeTarget section */
		842905A22C1FF34A00159210 /* Todotify */ = {
			isa = PBXNativeTarget;
			buildConfigurationList = 842905B22C1FF34B00159210 /* Build configuration list for PBXNativeTarget "Todotify" */;
			buildPhases = (
				62124F647E094A06CCB9DB0E /* [CP] Check Pods Manifest.lock */,
				8429059F2C1FF34A00159210 /* Sources */,
				842905A02C1FF34A00159210 /* Frameworks */,
				842905A12C1FF34A00159210 /* Resources */,
				F5BEFE2F2C3C5FB80020E4F6 /* ShellScript */,
			);
			buildRules = (
			);
			dependencies = (
			);
			name = Todotify;
			packageProductDependencies = (
				F5E515F62C3C49EF0026FC07 /* CocoaLumberjack */,
				F5E515F82C3C49EF0026FC07 /* CocoaLumberjackSwift */,
				F5E515FA2C3C49EF0026FC07 /* CocoaLumberjackSwiftLogBackend */,
				F57BB2122C3E5F2A005B639D /* FileCacheUtils */,
			);
			productName = Todotify;
			productReference = 842905A32C1FF34A00159210 /* Todotify.app */;
			productType = "com.apple.product-type.application";
		};
		842905E82C253B4700159210 /* TodotifyTests */ = {
			isa = PBXNativeTarget;
			buildConfigurationList = 842905F12C253B4700159210 /* Build configuration list for PBXNativeTarget "TodotifyTests" */;
			buildPhases = (
				FB96A69638AD0B8E65E6096C /* [CP] Check Pods Manifest.lock */,
				842905E52C253B4700159210 /* Sources */,
				842905E62C253B4700159210 /* Frameworks */,
				842905E72C253B4700159210 /* Resources */,
				F5BEFE302C3C61010020E4F6 /* ShellScript */,
			);
			buildRules = (
			);
			dependencies = (
				842905EE2C253B4700159210 /* PBXTargetDependency */,
			);
			name = TodotifyTests;
			productName = TodotifyTests;
			productReference = 842905E92C253B4700159210 /* TodotifyTests.xctest */;
			productType = "com.apple.product-type.bundle.unit-test";
		};
/* End PBXNativeTarget section */

/* Begin PBXProject section */
		8429059B2C1FF34A00159210 /* Project object */ = {
			isa = PBXProject;
			attributes = {
				BuildIndependentTargetsInParallel = 1;
				LastSwiftUpdateCheck = 1540;
				LastUpgradeCheck = 1520;
				TargetAttributes = {
					842905A22C1FF34A00159210 = {
						CreatedOnToolsVersion = 15.2;
					};
					842905E82C253B4700159210 = {
						CreatedOnToolsVersion = 15.2;
						TestTargetID = 842905A22C1FF34A00159210;
					};
				};
			};
			buildConfigurationList = 8429059E2C1FF34A00159210 /* Build configuration list for PBXProject "Todotify" */;
			compatibilityVersion = "Xcode 14.0";
			developmentRegion = en;
			hasScannedForEncodings = 0;
			knownRegions = (
				en,
				Base,
				ru,
			);
			mainGroup = 8429059A2C1FF34A00159210;
			packageReferences = (
				F5E515F52C3C49EF0026FC07 /* XCRemoteSwiftPackageReference "CocoaLumberjack" */,
				F57BB2112C3E5F2A005B639D /* XCRemoteSwiftPackageReference "FileCacheUtils" */,
			);
			productRefGroup = 842905A42C1FF34A00159210 /* Products */;
			projectDirPath = "";
			projectRoot = "";
			targets = (
				842905A22C1FF34A00159210 /* Todotify */,
				842905E82C253B4700159210 /* TodotifyTests */,
			);
		};
/* End PBXProject section */

/* Begin PBXResourcesBuildPhase section */
		842905A12C1FF34A00159210 /* Resources */ = {
			isa = PBXResourcesBuildPhase;
			buildActionMask = 2147483647;
			files = (
				842905AE2C1FF34B00159210 /* Preview Assets.xcassets in Resources */,
				842905AB2C1FF34B00159210 /* Assets.xcassets in Resources */,
			);
			runOnlyForDeploymentPostprocessing = 0;
		};
		842905E72C253B4700159210 /* Resources */ = {
			isa = PBXResourcesBuildPhase;
			buildActionMask = 2147483647;
			files = (
			);
			runOnlyForDeploymentPostprocessing = 0;
		};
/* End PBXResourcesBuildPhase section */

/* Begin PBXShellScriptBuildPhase section */
		62124F647E094A06CCB9DB0E /* [CP] Check Pods Manifest.lock */ = {
			isa = PBXShellScriptBuildPhase;
			buildActionMask = 2147483647;
			files = (
			);
			inputFileListPaths = (
			);
			inputPaths = (
				"${PODS_PODFILE_DIR_PATH}/Podfile.lock",
				"${PODS_ROOT}/Manifest.lock",
			);
			name = "[CP] Check Pods Manifest.lock";
			outputFileListPaths = (
			);
			outputPaths = (
				"$(DERIVED_FILE_DIR)/Pods-Todotify-checkManifestLockResult.txt",
			);
			runOnlyForDeploymentPostprocessing = 0;
			shellPath = /bin/sh;
			shellScript = "diff \"${PODS_PODFILE_DIR_PATH}/Podfile.lock\" \"${PODS_ROOT}/Manifest.lock\" > /dev/null\nif [ $? != 0 ] ; then\n    # print error to STDERR\n    echo \"error: The sandbox is not in sync with the Podfile.lock. Run 'pod install' or update your CocoaPods installation.\" >&2\n    exit 1\nfi\n# This output is used by Xcode 'outputs' to avoid re-running this script phase.\necho \"SUCCESS\" > \"${SCRIPT_OUTPUT_FILE_0}\"\n";
			showEnvVarsInLog = 0;
		};
		F5BEFE2F2C3C5FB80020E4F6 /* ShellScript */ = {
			isa = PBXShellScriptBuildPhase;
			buildActionMask = 2147483647;
			files = (
			);
			inputFileListPaths = (
			);
			inputPaths = (
			);
			outputFileListPaths = (
			);
			outputPaths = (
			);
			runOnlyForDeploymentPostprocessing = 0;
			shellPath = /bin/sh;
			shellScript = "if [[ \"$(uname -m)\" == arm64 ]]\nthen\n    export PATH=\"/opt/homebrew/bin:$PATH\"\nfi\n\nif command -v swiftlint >/dev/null 2>&1\nthen\n    swiftlint --fix\nelse\n    echo \"warning: `swiftlint` command not found - See https://github.com/realm/SwiftLint#installation for installation instructions.\"\n    exit 1\nfi\n";
		};
		F5BEFE302C3C61010020E4F6 /* ShellScript */ = {
			isa = PBXShellScriptBuildPhase;
			buildActionMask = 2147483647;
			files = (
			);
			inputFileListPaths = (
			);
			inputPaths = (
			);
			outputFileListPaths = (
			);
			outputPaths = (
			);
			runOnlyForDeploymentPostprocessing = 0;
			shellPath = /bin/sh;
			shellScript = "
";
		};
		FB96A69638AD0B8E65E6096C /* [CP] Check Pods Manifest.lock */ = {
			isa = PBXShellScriptBuildPhase;
			buildActionMask = 2147483647;
			files = (
			);
			inputFileListPaths = (
			);
			inputPaths = (
				"${PODS_PODFILE_DIR_PATH}/Podfile.lock",
				"${PODS_ROOT}/Manifest.lock",
			);
			name = "[CP] Check Pods Manifest.lock";
			outputFileListPaths = (
			);
			outputPaths = (
				"$(DERIVED_FILE_DIR)/Pods-TodotifyTests-checkManifestLockResult.txt",
			);
			runOnlyForDeploymentPostprocessing = 0;
			shellPath = /bin/sh;
			shellScript = "diff \"${PODS_PODFILE_DIR_PATH}/Podfile.lock\" \"${PODS_ROOT}/Manifest.lock\" > /dev/null\nif [ $? != 0 ] ; then\n    # print error to STDERR\n    echo \"error: The sandbox is not in sync with the Podfile.lock. Run 'pod install' or update your CocoaPods installation.\" >&2\n    exit 1\nfi\n# This output is used by Xcode 'outputs' to avoid re-running this script phase.\necho \"SUCCESS\" > \"${SCRIPT_OUTPUT_FILE_0}\"\n";
			showEnvVarsInLog = 0;
		};
/* End PBXShellScriptBuildPhase section */

/* Begin PBXSourcesBuildPhase section */
		8429059F2C1FF34A00159210 /* Sources */ = {
			isa = PBXSourcesBuildPhase;
			buildActionMask = 2147483647;
			files = (
				842905B82C1FF6D600159210 /* TodoItem+JSONable.swift in Sources */,
				F5E515D52C37DA6B0026FC07 /* CategoryPicker.swift in Sources */,
				F58F512F2C29C5130058B2E5 /* TodoRow.swift in Sources */,
				F58F51202C24A55C0058B2E5 /* String+Extensions.swift in Sources */,
				F59DED102C4870E000A7E7C3 /* NetworkService.swift in Sources */,
				F55E93202C3488980015AA98 /* HorizontalCalendar.swift in Sources */,
				F59DED082C486ED100A7E7C3 /* TodoItemDTO.swift in Sources */,
				F5E515F22C38864B0026FC07 /* CategoryList.swift in Sources */,
				F5E2FFAE2C2D2A7F00776DB5 /* DeviceUtils.swift in Sources */,
				842905A92C1FF34A00159210 /* ContentView.swift in Sources */,
				842905B62C1FF4BC00159210 /* TodoItem.swift in Sources */,
				F5E515F42C3887800026FC07 /* CategoryRow.swift in Sources */,
				F5BEFE322C3C6DF30020E4F6 /* Logger.swift in Sources */,
				F55E93242C3488C20015AA98 /* CalendarRepresentable.swift in Sources */,
				F58F51222C29447C0058B2E5 /* ImportancePicker.swift in Sources */,
				F5E515C62C365FB30026FC07 /* CalendarModel.swift in Sources */,
				842905E42C23773A00159210 /* CSVable.swift in Sources */,
				F5E2FFA62C2B2D3F00776DB5 /* DeadlinePicker.swift in Sources */,
				F59DED0E2C4870C200A7E7C3 /* DefaultNetworkingService.swift in Sources */,
				F55E93222C3488980015AA98 /* CalendarCell.swift in Sources */,
				F5E2FFAA2C2BDD1600776DB5 /* TodoDetailViewModel.swift in Sources */,
				842905DF2C22B92D00159210 /* TodoItem+CSVable.swift in Sources */,
				F57BB21A2C3FA35E005B639D /* URLSession+Eхtentions.swift in Sources */,
				842905BA2C21416400159210 /* Date+Extensions.swift in Sources */,
				F55E93212C3488980015AA98 /* TodoCell.swift in Sources */,
				F5E2FFBC2C2FB51F00776DB5 /* Color+Extensions.swift in Sources */,
				842905D82C22A1C000159210 /* JSONable.swift in Sources */,
				F58F51602C29F6360058B2E5 /* TodoList.swift in Sources */,
				F5E2FFB82C2FA7A400776DB5 /* ColorPicker.swift in Sources */,
				F5E515C42C365DDB0026FC07 /* CalendarViewModel.swift in Sources */,
				F55E931E2C3488980015AA98 /* CalendarViewController.swift in Sources */,
				F5E515C82C3660230026FC07 /* Store.swift in Sources */,
				F55E931F2C3488980015AA98 /* UIView+Extensions.swift in Sources */,
				F59DED0A2C486FAB00A7E7C3 /* NetworkConstants.swift in Sources */,
				F5E2FFB02C2D38A200776DB5 /* Binding+Extensions.swift in Sources */,
				F5E515CC2C36B6110026FC07 /* UIColor+Extensions.swift in Sources */,
				F59DED0C2C48709F00A7E7C3 /* URLRequest+Extension.swift in Sources */,
				F5E515D32C3732FD0026FC07 /* TodoDetailModel.swift in Sources */,
				F5E515D72C37E1960026FC07 /* Category.swift in Sources */,
				F58F51272C29C2A80058B2E5 /* TodoDetail.swift in Sources */,
				F59DED122C48D5B100A7E7C3 /* token.swift in Sources */,
				842905A72C1FF34A00159210 /* TodotifyApp.swift in Sources */,
				F58F51252C2949D50058B2E5 /* RowItem.swift in Sources */,
			);
			runOnlyForDeploymentPostprocessing = 0;
		};
		842905E52C253B4700159210 /* Sources */ = {
			isa = PBXSourcesBuildPhase;
			buildActionMask = 2147483647;
			files = (
				F57BB2242C4233D5005B639D /* Todotify+URLSessionTests.swift in Sources */,
				842905EC2C253B4700159210 /* TodotifyTests.swift in Sources */,
				842905F52C25536B00159210 /* DefaultValues.swift in Sources */,
				842905F32C25486000159210 /* Todotify+JSONAbleTests.swift in Sources */,
			);
			runOnlyForDeploymentPostprocessing = 0;
		};
/* End PBXSourcesBuildPhase section */

/* Begin PBXTargetDependency section */
		842905EE2C253B4700159210 /* PBXTargetDependency */ = {
			isa = PBXTargetDependency;
			target = 842905A22C1FF34A00159210 /* Todotify */;
			targetProxy = 842905ED2C253B4700159210 /* PBXContainerItemProxy */;
		};
/* End PBXTargetDependency section */

/* Begin XCBuildConfiguration section */
		842905B02C1FF34B00159210 /* Debug */ = {
			isa = XCBuildConfiguration;
			buildSettings = {
				ALWAYS_SEARCH_USER_PATHS = NO;
				ASSETCATALOG_COMPILER_GENERATE_SWIFT_ASSET_SYMBOL_EXTENSIONS = YES;
				CLANG_ANALYZER_NONNULL = YES;
				CLANG_ANALYZER_NUMBER_OBJECT_CONVERSION = YES_AGGRESSIVE;
				CLANG_CXX_LANGUAGE_STANDARD = "gnu++20";
				CLANG_ENABLE_MODULES = YES;
				CLANG_ENABLE_OBJC_ARC = YES;
				CLANG_ENABLE_OBJC_WEAK = YES;
				CLANG_WARN_BLOCK_CAPTURE_AUTORELEASING = YES;
				CLANG_WARN_BOOL_CONVERSION = YES;
				CLANG_WARN_COMMA = YES;
				CLANG_WARN_CONSTANT_CONVERSION = YES;
				CLANG_WARN_DEPRECATED_OBJC_IMPLEMENTATIONS = YES;
				CLANG_WARN_DIRECT_OBJC_ISA_USAGE = YES_ERROR;
				CLANG_WARN_DOCUMENTATION_COMMENTS = YES;
				CLANG_WARN_EMPTY_BODY = YES;
				CLANG_WARN_ENUM_CONVERSION = YES;
				CLANG_WARN_INFINITE_RECURSION = YES;
				CLANG_WARN_INT_CONVERSION = YES;
				CLANG_WARN_NON_LITERAL_NULL_CONVERSION = YES;
				CLANG_WARN_OBJC_IMPLICIT_RETAIN_SELF = YES;
				CLANG_WARN_OBJC_LITERAL_CONVERSION = YES;
				CLANG_WARN_OBJC_ROOT_CLASS = YES_ERROR;
				CLANG_WARN_QUOTED_INCLUDE_IN_FRAMEWORK_HEADER = YES;
				CLANG_WARN_RANGE_LOOP_ANALYSIS = YES;
				CLANG_WARN_STRICT_PROTOTYPES = YES;
				CLANG_WARN_SUSPICIOUS_MOVE = YES;
				CLANG_WARN_UNGUARDED_AVAILABILITY = YES_AGGRESSIVE;
				CLANG_WARN_UNREACHABLE_CODE = YES;
				CLANG_WARN__DUPLICATE_METHOD_MATCH = YES;
				COPY_PHASE_STRIP = NO;
				DEBUG_INFORMATION_FORMAT = dwarf;
				ENABLE_STRICT_OBJC_MSGSEND = YES;
				ENABLE_TESTABILITY = YES;
				ENABLE_USER_SCRIPT_SANDBOXING = YES;
				GCC_C_LANGUAGE_STANDARD = gnu17;
				GCC_DYNAMIC_NO_PIC = NO;
				GCC_NO_COMMON_BLOCKS = YES;
				GCC_OPTIMIZATION_LEVEL = 0;
				GCC_PREPROCESSOR_DEFINITIONS = (
					"DEBUG=1",
					"$(inherited)",
				);
				GCC_WARN_64_TO_32_BIT_CONVERSION = YES;
				GCC_WARN_ABOUT_RETURN_TYPE = YES_ERROR;
				GCC_WARN_UNDECLARED_SELECTOR = YES;
				GCC_WARN_UNINITIALIZED_AUTOS = YES_AGGRESSIVE;
				GCC_WARN_UNUSED_FUNCTION = YES;
				GCC_WARN_UNUSED_VARIABLE = YES;
				IPHONEOS_DEPLOYMENT_TARGET = 17.0;
				LOCALIZATION_PREFERS_STRING_CATALOGS = YES;
				MACOSX_DEPLOYMENT_TARGET = 14.1;
				MTL_ENABLE_DEBUG_INFO = INCLUDE_SOURCE;
				MTL_FAST_MATH = YES;
				ONLY_ACTIVE_ARCH = YES;
				SDKROOT = macosx;
				SWIFT_ACTIVE_COMPILATION_CONDITIONS = "DEBUG $(inherited)";
				SWIFT_OPTIMIZATION_LEVEL = "-Onone";
			};
			name = Debug;
		};
		842905B12C1FF34B00159210 /* Release */ = {
			isa = XCBuildConfiguration;
			buildSettings = {
				ALWAYS_SEARCH_USER_PATHS = NO;
				ASSETCATALOG_COMPILER_GENERATE_SWIFT_ASSET_SYMBOL_EXTENSIONS = YES;
				CLANG_ANALYZER_NONNULL = YES;
				CLANG_ANALYZER_NUMBER_OBJECT_CONVERSION = YES_AGGRESSIVE;
				CLANG_CXX_LANGUAGE_STANDARD = "gnu++20";
				CLANG_ENABLE_MODULES = YES;
				CLANG_ENABLE_OBJC_ARC = YES;
				CLANG_ENABLE_OBJC_WEAK = YES;
				CLANG_WARN_BLOCK_CAPTURE_AUTORELEASING = YES;
				CLANG_WARN_BOOL_CONVERSION = YES;
				CLANG_WARN_COMMA = YES;
				CLANG_WARN_CONSTANT_CONVERSION = YES;
				CLANG_WARN_DEPRECATED_OBJC_IMPLEMENTATIONS = YES;
				CLANG_WARN_DIRECT_OBJC_ISA_USAGE = YES_ERROR;
				CLANG_WARN_DOCUMENTATION_COMMENTS = YES;
				CLANG_WARN_EMPTY_BODY = YES;
				CLANG_WARN_ENUM_CONVERSION = YES;
				CLANG_WARN_INFINITE_RECURSION = YES;
				CLANG_WARN_INT_CONVERSION = YES;
				CLANG_WARN_NON_LITERAL_NULL_CONVERSION = YES;
				CLANG_WARN_OBJC_IMPLICIT_RETAIN_SELF = YES;
				CLANG_WARN_OBJC_LITERAL_CONVERSION = YES;
				CLANG_WARN_OBJC_ROOT_CLASS = YES_ERROR;
				CLANG_WARN_QUOTED_INCLUDE_IN_FRAMEWORK_HEADER = YES;
				CLANG_WARN_RANGE_LOOP_ANALYSIS = YES;
				CLANG_WARN_STRICT_PROTOTYPES = YES;
				CLANG_WARN_SUSPICIOUS_MOVE = YES;
				CLANG_WARN_UNGUARDED_AVAILABILITY = YES_AGGRESSIVE;
				CLANG_WARN_UNREACHABLE_CODE = YES;
				CLANG_WARN__DUPLICATE_METHOD_MATCH = YES;
				COPY_PHASE_STRIP = NO;
				DEBUG_INFORMATION_FORMAT = "dwarf-with-dsym";
				ENABLE_NS_ASSERTIONS = NO;
				ENABLE_STRICT_OBJC_MSGSEND = YES;
				ENABLE_USER_SCRIPT_SANDBOXING = YES;
				GCC_C_LANGUAGE_STANDARD = gnu17;
				GCC_NO_COMMON_BLOCKS = YES;
				GCC_WARN_64_TO_32_BIT_CONVERSION = YES;
				GCC_WARN_ABOUT_RETURN_TYPE = YES_ERROR;
				GCC_WARN_UNDECLARED_SELECTOR = YES;
				GCC_WARN_UNINITIALIZED_AUTOS = YES_AGGRESSIVE;
				GCC_WARN_UNUSED_FUNCTION = YES;
				GCC_WARN_UNUSED_VARIABLE = YES;
				IPHONEOS_DEPLOYMENT_TARGET = 17.0;
				LOCALIZATION_PREFERS_STRING_CATALOGS = YES;
				MACOSX_DEPLOYMENT_TARGET = 14.1;
				MTL_ENABLE_DEBUG_INFO = NO;
				MTL_FAST_MATH = YES;
				SDKROOT = macosx;
				SWIFT_COMPILATION_MODE = wholemodule;
			};
			name = Release;
		};
		842905B32C1FF34B00159210 /* Debug */ = {
			isa = XCBuildConfiguration;
			baseConfigurationReference = 8AA23DB9F0C9E94B503C33EE /* Pods-Todotify.debug.xcconfig */;
			buildSettings = {
				ASSETCATALOG_COMPILER_APPICON_NAME = AppIcon;
				ASSETCATALOG_COMPILER_GLOBAL_ACCENT_COLOR_NAME = AccentColor;
				CODE_SIGN_ENTITLEMENTS = Todotify/Todotify.entitlements;
				CODE_SIGN_STYLE = Automatic;
				COMBINE_HIDPI_IMAGES = YES;
				CURRENT_PROJECT_VERSION = 1;
				DEVELOPMENT_ASSET_PATHS = "\"Todotify/Preview Content\"";
				ENABLE_PREVIEWS = YES;
				ENABLE_USER_SCRIPT_SANDBOXING = NO;
				GENERATE_INFOPLIST_FILE = YES;
				INFOPLIST_KEY_NSHumanReadableCopyright = "";
				INFOPLIST_KEY_UILaunchStoryboardName = "";
				INFOPLIST_KEY_UISupportedInterfaceOrientations = "UIInterfaceOrientationLandscapeLeft UIInterfaceOrientationLandscapeRight UIInterfaceOrientationPortrait UIInterfaceOrientationPortraitUpsideDown";
				IPHONEOS_DEPLOYMENT_TARGET = 17.0;
				LD_RUNPATH_SEARCH_PATHS = (
					"$(inherited)",
					"@executable_path/../Frameworks",
				);
				MARKETING_VERSION = 1.0;
				PRODUCT_BUNDLE_IDENTIFIER = com.kalmahik.Todotify;
				PRODUCT_NAME = "$(TARGET_NAME)";
				SUPPORTED_PLATFORMS = "iphoneos iphonesimulator";
				SUPPORTS_MACCATALYST = NO;
				SWIFT_EMIT_LOC_STRINGS = YES;
				SWIFT_STRICT_CONCURRENCY = complete;
				SWIFT_VERSION = 5.0;
				TARGETED_DEVICE_FAMILY = "1,2";
			};
			name = Debug;
		};
		842905B42C1FF34B00159210 /* Release */ = {
			isa = XCBuildConfiguration;
			baseConfigurationReference = 10724FDE1A45C1D8254A9505 /* Pods-Todotify.release.xcconfig */;
			buildSettings = {
				ASSETCATALOG_COMPILER_APPICON_NAME = AppIcon;
				ASSETCATALOG_COMPILER_GLOBAL_ACCENT_COLOR_NAME = AccentColor;
				CODE_SIGN_ENTITLEMENTS = Todotify/Todotify.entitlements;
				CODE_SIGN_STYLE = Automatic;
				COMBINE_HIDPI_IMAGES = YES;
				CURRENT_PROJECT_VERSION = 1;
				DEVELOPMENT_ASSET_PATHS = "\"Todotify/Preview Content\"";
				ENABLE_PREVIEWS = YES;
				ENABLE_USER_SCRIPT_SANDBOXING = NO;
				GENERATE_INFOPLIST_FILE = YES;
				INFOPLIST_KEY_NSHumanReadableCopyright = "";
				INFOPLIST_KEY_UILaunchStoryboardName = "";
				INFOPLIST_KEY_UISupportedInterfaceOrientations = "UIInterfaceOrientationLandscapeLeft UIInterfaceOrientationLandscapeRight UIInterfaceOrientationPortrait UIInterfaceOrientationPortraitUpsideDown";
				IPHONEOS_DEPLOYMENT_TARGET = 17.0;
				LD_RUNPATH_SEARCH_PATHS = (
					"$(inherited)",
					"@executable_path/../Frameworks",
				);
				MARKETING_VERSION = 1.0;
				PRODUCT_BUNDLE_IDENTIFIER = com.kalmahik.Todotify;
				PRODUCT_NAME = "$(TARGET_NAME)";
				SUPPORTED_PLATFORMS = "iphoneos iphonesimulator";
				SUPPORTS_MACCATALYST = NO;
				SWIFT_EMIT_LOC_STRINGS = YES;
				SWIFT_STRICT_CONCURRENCY = complete;
				SWIFT_VERSION = 5.0;
				TARGETED_DEVICE_FAMILY = "1,2";
			};
			name = Release;
		};
		842905EF2C253B4700159210 /* Debug */ = {
			isa = XCBuildConfiguration;
			baseConfigurationReference = 0E74F97E4119921D20868FB9 /* Pods-TodotifyTests.debug.xcconfig */;
			buildSettings = {
				BUNDLE_LOADER = "$(TEST_HOST)";
				CODE_SIGN_STYLE = Automatic;
				CURRENT_PROJECT_VERSION = 1;
				ENABLE_USER_SCRIPT_SANDBOXING = NO;
				GENERATE_INFOPLIST_FILE = YES;
				IPHONEOS_DEPLOYMENT_TARGET = 17.0;
				MARKETING_VERSION = 1.0;
				PRODUCT_BUNDLE_IDENTIFIER = com.kalmahik.TodotifyTests;
				PRODUCT_NAME = "$(TARGET_NAME)";
				SDKROOT = iphoneos;
				SWIFT_EMIT_LOC_STRINGS = NO;
				SWIFT_VERSION = 5.0;
				TARGETED_DEVICE_FAMILY = "1,2";
				TEST_HOST = "$(BUILT_PRODUCTS_DIR)/Todotify.app/$(BUNDLE_EXECUTABLE_FOLDER_PATH)/Todotify";
			};
			name = Debug;
		};
		842905F02C253B4700159210 /* Release */ = {
			isa = XCBuildConfiguration;
			baseConfigurationReference = 2BC6CF6314719B8319F55576 /* Pods-TodotifyTests.release.xcconfig */;
			buildSettings = {
				BUNDLE_LOADER = "$(TEST_HOST)";
				CODE_SIGN_STYLE = Automatic;
				CURRENT_PROJECT_VERSION = 1;
				ENABLE_USER_SCRIPT_SANDBOXING = NO;
				GENERATE_INFOPLIST_FILE = YES;
				IPHONEOS_DEPLOYMENT_TARGET = 17.0;
				MARKETING_VERSION = 1.0;
				PRODUCT_BUNDLE_IDENTIFIER = com.kalmahik.TodotifyTests;
				PRODUCT_NAME = "$(TARGET_NAME)";
				SDKROOT = iphoneos;
				SWIFT_EMIT_LOC_STRINGS = NO;
				SWIFT_VERSION = 5.0;
				TARGETED_DEVICE_FAMILY = "1,2";
				TEST_HOST = "$(BUILT_PRODUCTS_DIR)/Todotify.app/$(BUNDLE_EXECUTABLE_FOLDER_PATH)/Todotify";
				VALIDATE_PRODUCT = YES;
			};
			name = Release;
		};
/* End XCBuildConfiguration section */

/* Begin XCConfigurationList section */
		8429059E2C1FF34A00159210 /* Build configuration list for PBXProject "Todotify" */ = {
			isa = XCConfigurationList;
			buildConfigurations = (
				842905B02C1FF34B00159210 /* Debug */,
				842905B12C1FF34B00159210 /* Release */,
			);
			defaultConfigurationIsVisible = 0;
			defaultConfigurationName = Release;
		};
		842905B22C1FF34B00159210 /* Build configuration list for PBXNativeTarget "Todotify" */ = {
			isa = XCConfigurationList;
			buildConfigurations = (
				842905B32C1FF34B00159210 /* Debug */,
				842905B42C1FF34B00159210 /* Release */,
			);
			defaultConfigurationIsVisible = 0;
			defaultConfigurationName = Release;
		};
		842905F12C253B4700159210 /* Build configuration list for PBXNativeTarget "TodotifyTests" */ = {
			isa = XCConfigurationList;
			buildConfigurations = (
				842905EF2C253B4700159210 /* Debug */,
				842905F02C253B4700159210 /* Release */,
			);
			defaultConfigurationIsVisible = 0;
			defaultConfigurationName = Release;
		};
/* End XCConfigurationList section */

/* Begin XCRemoteSwiftPackageReference section */
		F57BB2112C3E5F2A005B639D /* XCRemoteSwiftPackageReference "FileCacheUtils" */ = {
			isa = XCRemoteSwiftPackageReference;
			repositoryURL = "https://github.com/kalmahik/FileCacheUtils.git";
			requirement = {
				branch = main;
				kind = branch;
			};
		};
		F5E515F52C3C49EF0026FC07 /* XCRemoteSwiftPackageReference "CocoaLumberjack" */ = {
			isa = XCRemoteSwiftPackageReference;
			repositoryURL = "https://github.com/CocoaLumberjack/CocoaLumberjack.git";
			requirement = {
				kind = upToNextMajorVersion;
				minimumVersion = 3.8.5;
			};
		};
/* End XCRemoteSwiftPackageReference section */

/* Begin XCSwiftPackageProductDependency section */
		F57BB2122C3E5F2A005B639D /* FileCacheUtils */ = {
			isa = XCSwiftPackageProductDependency;
			package = F57BB2112C3E5F2A005B639D /* XCRemoteSwiftPackageReference "FileCacheUtils" */;
			productName = FileCacheUtils;
		};
		F5E515F62C3C49EF0026FC07 /* CocoaLumberjack */ = {
			isa = XCSwiftPackageProductDependency;
			package = F5E515F52C3C49EF0026FC07 /* XCRemoteSwiftPackageReference "CocoaLumberjack" */;
			productName = CocoaLumberjack;
		};
		F5E515F82C3C49EF0026FC07 /* CocoaLumberjackSwift */ = {
			isa = XCSwiftPackageProductDependency;
			package = F5E515F52C3C49EF0026FC07 /* XCRemoteSwiftPackageReference "CocoaLumberjack" */;
			productName = CocoaLumberjackSwift;
		};
		F5E515FA2C3C49EF0026FC07 /* CocoaLumberjackSwiftLogBackend */ = {
			isa = XCSwiftPackageProductDependency;
			package = F5E515F52C3C49EF0026FC07 /* XCRemoteSwiftPackageReference "CocoaLumberjack" */;
			productName = CocoaLumberjackSwiftLogBackend;
		};
/* End XCSwiftPackageProductDependency section */
	};
	rootObject = 8429059B2C1FF34A00159210 /* Project object */;
}
